
Microsoft Visual Studio Solution File, Format Version 12.00
# Visual Studio Version 16
VisualStudioVersion = 16.0.30503.244
MinimumVisualStudioVersion = 10.0.40219.1
Project("{FAE04EC0-301F-11D3-BF4B-00C04F79EFBC}") = "CalcEngineTutorialSetup", "CalcEngineTutorialSetup.csproj", "{19A5BE04-CE6F-463A-A806-75CBAEE8399F}"
EndProject
Global
	GlobalSection(SolutionConfigurationPlatforms) = preSolution
		Debug|Any CPU = Debug|Any CPU
		Release|Any CPU = Release|Any CPU
	EndGlobalSection
	GlobalSection(ProjectConfigurationPlatforms) = postSolution
		{19A5BE04-CE6F-463A-A806-75CBAEE8399F}.Debug|Any CPU.ActiveCfg = Debug|Any CPU
		{19A5BE04-CE6F-463A-A806-75CBAEE8399F}.Debug|Any CPU.Build.0 = Debug|Any CPU
		{19A5BE04-CE6F-463A-A806-75CBAEE8399F}.Release|Any CPU.ActiveCfg = Release|Any CPU
		{19A5BE04-CE6F-463A-A806-75CBAEE8399F}.Release|Any CPU.Build.0 = Release|Any CPU
	EndGlobalSection
	GlobalSection(SolutionProperties) = preSolution
		HideSolutionNode = FALSE
	EndGlobalSection
	GlobalSection(ExtensibilityGlobals) = postSolution
		SolutionGuid = {6A5EA20B-FB25-485C-A0D2-EF40DFD6A5A9}
	EndGlobalSection
EndGlobal
